
Microsoft Visual Studio Solution File, Format Version 12.00
# Visual Studio Version 17
VisualStudioVersion = 17.0.31825.309
MinimumVisualStudioVersion = 10.0.40219.1
Project("{FAE04EC0-301F-11D3-BF4B-00C04F79EFBC}") = "Adona Pharm", "Adona Pharm\Adona Pharm.csproj", "{97222E79-1B12-4CE0-BE02-3C8180FAA44D}"
EndProject
Global
	GlobalSection(SolutionConfigurationPlatforms) = preSolution
		Debug|Any CPU = Debug|Any CPU
		Release|Any CPU = Release|Any CPU
	EndGlobalSection
	GlobalSection(ProjectConfigurationPlatforms) = postSolution
		{97222E79-1B12-4CE0-BE02-3C8180FAA44D}.Debug|Any CPU.ActiveCfg = Debug|Any CPU
		{97222E79-1B12-4CE0-BE02-3C8180FAA44D}.Debug|Any CPU.Build.0 = Debug|Any CPU
		{97222E79-1B12-4CE0-BE02-3C8180FAA44D}.Release|Any CPU.ActiveCfg = Release|Any CPU
		{97222E79-1B12-4CE0-BE02-3C8180FAA44D}.Release|Any CPU.Build.0 = Release|Any CPU
	EndGlobalSection
	GlobalSection(SolutionProperties) = preSolution
		HideSolutionNode = FALSE
	EndGlobalSection
	GlobalSection(ExtensibilityGlobals) = postSolution
		SolutionGuid = {2E918D9E-B887-4A33-841A-336BA19230C1}
	EndGlobalSection
EndGlobal
